// !$*UTF8*$!
{
	archiveVersion = 1;
	classes = {
	};
	objectVersion = 50;
	objects = {

/* Begin PBXBuildFile section */
		287FD34321FFBA9C00086616 /* AppDelegate.swift in Sources */ = {isa = PBXBuildFile; fileRef = 287FD34221FFBA9C00086616 /* AppDelegate.swift */; };
		287FD34521FFBA9C00086616 /* MoviesViewController.swift in Sources */ = {isa = PBXBuildFile; fileRef = 287FD34421FFBA9C00086616 /* MoviesViewController.swift */; };
		287FD34821FFBA9C00086616 /* Main.storyboard in Resources */ = {isa = PBXBuildFile; fileRef = 287FD34621FFBA9C00086616 /* Main.storyboard */; };
		287FD34A21FFBA9E00086616 /* Assets.xcassets in Resources */ = {isa = PBXBuildFile; fileRef = 287FD34921FFBA9E00086616 /* Assets.xcassets */; };
		287FD34D21FFBA9E00086616 /* LaunchScreen.storyboard in Resources */ = {isa = PBXBuildFile; fileRef = 287FD34B21FFBA9E00086616 /* LaunchScreen.storyboard */; };
		287FD35821FFBA9E00086616 /* flixsterTests.swift in Sources */ = {isa = PBXBuildFile; fileRef = 287FD35721FFBA9E00086616 /* flixsterTests.swift */; };
		287FD36321FFBA9E00086616 /* flixsterUITests.swift in Sources */ = {isa = PBXBuildFile; fileRef = 287FD36221FFBA9E00086616 /* flixsterUITests.swift */; };
		287FD3732202278000086616 /* MovieCell.swift in Sources */ = {isa = PBXBuildFile; fileRef = 287FD3722202278000086616 /* MovieCell.swift */; };
		3BEB6F918DA47AF44984A731 /* Pods_flixsterTests.framework in Frameworks */ = {isa = PBXBuildFile; fileRef = 0F369AB68C2E350518D2C711 /* Pods_flixsterTests.framework */; };
		520315119A9F0E507A83575B /* Pods_flixster.framework in Frameworks */ = {isa = PBXBuildFile; fileRef = 163ABBE63946BECDB856407D /* Pods_flixster.framework */; };
		AB80D88EFBFA9A1ADC26751D /* Pods_flixsterUITests.framework in Frameworks */ = {isa = PBXBuildFile; fileRef = 1906817EA4BBF66F09800DAD /* Pods_flixsterUITests.framework */; };
/* End PBXBuildFile section */

/* Begin PBXContainerItemProxy section */
		287FD35421FFBA9E00086616 /* PBXContainerItemProxy */ = {
			isa = PBXContainerItemProxy;
			containerPortal = 287FD33721FFBA9C00086616 /* Project object */;
			proxyType = 1;
			remoteGlobalIDString = 287FD33E21FFBA9C00086616;
			remoteInfo = flixster;
		};
		287FD35F21FFBA9E00086616 /* PBXContainerItemProxy */ = {
			isa = PBXContainerItemProxy;
			containerPortal = 287FD33721FFBA9C00086616 /* Project object */;
			proxyType = 1;
			remoteGlobalIDString = 287FD33E21FFBA9C00086616;
			remoteInfo = flixster;
		};
/* End PBXContainerItemProxy section */

/* Begin PBXFileReference section */
		0F369AB68C2E350518D2C711 /* Pods_flixsterTests.framework */ = {isa = PBXFileReference; explicitFileType = wrapper.framework; includeInIndex = 0; path = Pods_flixsterTests.framework; sourceTree = BUILT_PRODUCTS_DIR; };
		163ABBE63946BECDB856407D /* Pods_flixster.framework */ = {isa = PBXFileReference; explicitFileType = wrapper.framework; includeInIndex = 0; path = Pods_flixster.framework; sourceTree = BUILT_PRODUCTS_DIR; };
		1906817EA4BBF66F09800DAD /* Pods_flixsterUITests.framework */ = {isa = PBXFileReference; explicitFileType = wrapper.framework; includeInIndex = 0; path = Pods_flixsterUITests.framework; sourceTree = BUILT_PRODUCTS_DIR; };
		287FD33F21FFBA9C00086616 /* flixster.app */ = {isa = PBXFileReference; explicitFileType = wrapper.application; includeInIndex = 0; path = flixster.app; sourceTree = BUILT_PRODUCTS_DIR; };
		287FD34221FFBA9C00086616 /* AppDelegate.swift */ = {isa = PBXFileReference; lastKnownFileType = sourcecode.swift; path = AppDelegate.swift; sourceTree = "<group>"; };
		287FD34421FFBA9C00086616 /* MoviesViewController.swift */ = {isa = PBXFileReference; lastKnownFileType = sourcecode.swift; path = MoviesViewController.swift; sourceTree = "<group>"; };
		287FD34721FFBA9C00086616 /* Base */ = {isa = PBXFileReference; lastKnownFileType = file.storyboard; name = Base; path = Base.lproj/Main.storyboard; sourceTree = "<group>"; };
		287FD34921FFBA9E00086616 /* Assets.xcassets */ = {isa = PBXFileReference; lastKnownFileType = folder.assetcatalog; path = Assets.xcassets; sourceTree = "<group>"; };
		287FD34C21FFBA9E00086616 /* Base */ = {isa = PBXFileReference; lastKnownFileType = file.storyboard; name = Base; path = Base.lproj/LaunchScreen.storyboard; sourceTree = "<group>"; };
		287FD34E21FFBA9E00086616 /* Info.plist */ = {isa = PBXFileReference; lastKnownFileType = text.plist.xml; path = Info.plist; sourceTree = "<group>"; };
		287FD35321FFBA9E00086616 /* flixsterTests.xctest */ = {isa = PBXFileReference; explicitFileType = wrapper.cfbundle; includeInIndex = 0; path = flixsterTests.xctest; sourceTree = BUILT_PRODUCTS_DIR; };
		287FD35721FFBA9E00086616 /* flixsterTests.swift */ = {isa = PBXFileReference; lastKnownFileType = sourcecode.swift; path = flixsterTests.swift; sourceTree = "<group>"; };
		287FD35921FFBA9E00086616 /* Info.plist */ = {isa = PBXFileReference; lastKnownFileType = text.plist.xml; path = Info.plist; sourceTree = "<group>"; };
		287FD35E21FFBA9E00086616 /* flixsterUITests.xctest */ = {isa = PBXFileReference; explicitFileType = wrapper.cfbundle; includeInIndex = 0; path = flixsterUITests.xctest; sourceTree = BUILT_PRODUCTS_DIR; };
		287FD36221FFBA9E00086616 /* flixsterUITests.swift */ = {isa = PBXFileReference; lastKnownFileType = sourcecode.swift; path = flixsterUITests.swift; sourceTree = "<group>"; };
		287FD36421FFBA9E00086616 /* Info.plist */ = {isa = PBXFileReference; lastKnownFileType = text.plist.xml; path = Info.plist; sourceTree = "<group>"; };
		287FD3722202278000086616 /* MovieCell.swift */ = {isa = PBXFileReference; lastKnownFileType = sourcecode.swift; path = MovieCell.swift; sourceTree = "<group>"; };
		7EB3F9144CDD46648EC286CD /* Pods-flixsterUITests.debug.xcconfig */ = {isa = PBXFileReference; includeInIndex = 1; lastKnownFileType = text.xcconfig; name = "Pods-flixsterUITests.debug.xcconfig"; path = "Pods/Target Support Files/Pods-flixsterUITests/Pods-flixsterUITests.debug.xcconfig"; sourceTree = "<group>"; };
		7F99085D189DD9F7BB13A58D /* Pods-flixster.release.xcconfig */ = {isa = PBXFileReference; includeInIndex = 1; lastKnownFileType = text.xcconfig; name = "Pods-flixster.release.xcconfig"; path = "Pods/Target Support Files/Pods-flixster/Pods-flixster.release.xcconfig"; sourceTree = "<group>"; };
		9F60411F49BE7ADA07C18E53 /* Pods-flixsterTests.release.xcconfig */ = {isa = PBXFileReference; includeInIndex = 1; lastKnownFileType = text.xcconfig; name = "Pods-flixsterTests.release.xcconfig"; path = "Pods/Target Support Files/Pods-flixsterTests/Pods-flixsterTests.release.xcconfig"; sourceTree = "<group>"; };
		A76090C98B6A0059E923B259 /* Pods-flixsterTests.debug.xcconfig */ = {isa = PBXFileReference; includeInIndex = 1; lastKnownFileType = text.xcconfig; name = "Pods-flixsterTests.debug.xcconfig"; path = "Pods/Target Support Files/Pods-flixsterTests/Pods-flixsterTests.debug.xcconfig"; sourceTree = "<group>"; };
		C7B1C7F4176F4DC71B4FF59E /* Pods-flixster.debug.xcconfig */ = {isa = PBXFileReference; includeInIndex = 1; lastKnownFileType = text.xcconfig; name = "Pods-flixster.debug.xcconfig"; path = "Pods/Target Support Files/Pods-flixster/Pods-flixster.debug.xcconfig"; sourceTree = "<group>"; };
		C7CD6F526CDC987E6FDAC911 /* Pods-flixsterUITests.release.xcconfig */ = {isa = PBXFileReference; includeInIndex = 1; lastKnownFileType = text.xcconfig; name = "Pods-flixsterUITests.release.xcconfig"; path = "Pods/Target Support Files/Pods-flixsterUITests/Pods-flixsterUITests.release.xcconfig"; sourceTree = "<group>"; };
/* End PBXFileReference section */

/* Begin PBXFrameworksBuildPhase section */
		287FD33C21FFBA9C00086616 /* Frameworks */ = {
			isa = PBXFrameworksBuildPhase;
			buildActionMask = 2147483647;
			files = (
				520315119A9F0E507A83575B /* Pods_flixster.framework in Frameworks */,
			);
			runOnlyForDeploymentPostprocessing = 0;
		};
		287FD35021FFBA9E00086616 /* Frameworks */ = {
			isa = PBXFrameworksBuildPhase;
			buildActionMask = 2147483647;
			files = (
				3BEB6F918DA47AF44984A731 /* Pods_flixsterTests.framework in Frameworks */,
			);
			runOnlyForDeploymentPostprocessing = 0;
		};
		287FD35B21FFBA9E00086616 /* Frameworks */ = {
			isa = PBXFrameworksBuildPhase;
			buildActionMask = 2147483647;
			files = (
				AB80D88EFBFA9A1ADC26751D /* Pods_flixsterUITests.framework in Frameworks */,
			);
			runOnlyForDeploymentPostprocessing = 0;
		};
/* End PBXFrameworksBuildPhase section */

/* Begin PBXGroup section */
		05C54A4CDE957510F335EFCA /* Frameworks */ = {
			isa = PBXGroup;
			children = (
				163ABBE63946BECDB856407D /* Pods_flixster.framework */,
				0F369AB68C2E350518D2C711 /* Pods_flixsterTests.framework */,
				1906817EA4BBF66F09800DAD /* Pods_flixsterUITests.framework */,
			);
			name = Frameworks;
			sourceTree = "<group>";
		};
		287FD33621FFBA9C00086616 = {
			isa = PBXGroup;
			children = (
				287FD34121FFBA9C00086616 /* flixster */,
				287FD35621FFBA9E00086616 /* flixsterTests */,
				287FD36121FFBA9E00086616 /* flixsterUITests */,
				287FD34021FFBA9C00086616 /* Products */,
				D4AB6ED5DE95FD3C07D4B340 /* Pods */,
				05C54A4CDE957510F335EFCA /* Frameworks */,
			);
			sourceTree = "<group>";
		};
		287FD34021FFBA9C00086616 /* Products */ = {
			isa = PBXGroup;
			children = (
				287FD33F21FFBA9C00086616 /* flixster.app */,
				287FD35321FFBA9E00086616 /* flixsterTests.xctest */,
				287FD35E21FFBA9E00086616 /* flixsterUITests.xctest */,
			);
			name = Products;
			sourceTree = "<group>";
		};
		287FD34121FFBA9C00086616 /* flixster */ = {
			isa = PBXGroup;
			children = (
				287FD34221FFBA9C00086616 /* AppDelegate.swift */,
				287FD34421FFBA9C00086616 /* MoviesViewController.swift */,
				287FD34621FFBA9C00086616 /* Main.storyboard */,
				287FD3722202278000086616 /* MovieCell.swift */,
				287FD34921FFBA9E00086616 /* Assets.xcassets */,
				287FD34B21FFBA9E00086616 /* LaunchScreen.storyboard */,
				287FD34E21FFBA9E00086616 /* Info.plist */,
			);
			path = flixster;
			sourceTree = "<group>";
		};
		287FD35621FFBA9E00086616 /* flixsterTests */ = {
			isa = PBXGroup;
			children = (
				287FD35721FFBA9E00086616 /* flixsterTests.swift */,
				287FD35921FFBA9E00086616 /* Info.plist */,
			);
			path = flixsterTests;
			sourceTree = "<group>";
		};
		287FD36121FFBA9E00086616 /* flixsterUITests */ = {
			isa = PBXGroup;
			children = (
				287FD36221FFBA9E00086616 /* flixsterUITests.swift */,
				287FD36421FFBA9E00086616 /* Info.plist */,
			);
			path = flixsterUITests;
			sourceTree = "<group>";
		};
		D4AB6ED5DE95FD3C07D4B340 /* Pods */ = {
			isa = PBXGroup;
			children = (
				C7B1C7F4176F4DC71B4FF59E /* Pods-flixster.debug.xcconfig */,
				7F99085D189DD9F7BB13A58D /* Pods-flixster.release.xcconfig */,
				A76090C98B6A0059E923B259 /* Pods-flixsterTests.debug.xcconfig */,
				9F60411F49BE7ADA07C18E53 /* Pods-flixsterTests.release.xcconfig */,
				7EB3F9144CDD46648EC286CD /* Pods-flixsterUITests.debug.xcconfig */,
				C7CD6F526CDC987E6FDAC911 /* Pods-flixsterUITests.release.xcconfig */,
			);
			name = Pods;
			sourceTree = "<group>";
		};
/* End PBXGroup section */

/* Begin PBXNativeTarget section */
		287FD33E21FFBA9C00086616 /* flixster */ = {
			isa = PBXNativeTarget;
			buildConfigurationList = 287FD36721FFBA9E00086616 /* Build configuration list for PBXNativeTarget "flixster" */;
			buildPhases = (
				46B2E63FA20DBE341E31BC0C /* [CP] Check Pods Manifest.lock */,
				287FD33B21FFBA9C00086616 /* Sources */,
				287FD33C21FFBA9C00086616 /* Frameworks */,
				287FD33D21FFBA9C00086616 /* Resources */,
				E51CAFFA6C2CE95B1A6C365A /* [CP] Embed Pods Frameworks */,
			);
			buildRules = (
			);
			dependencies = (
			);
			name = flixster;
			productName = flixster;
			productReference = 287FD33F21FFBA9C00086616 /* flixster.app */;
			productType = "com.apple.product-type.application";
		};
		287FD35221FFBA9E00086616 /* flixsterTests */ = {
			isa = PBXNativeTarget;
			buildConfigurationList = 287FD36A21FFBA9E00086616 /* Build configuration list for PBXNativeTarget "flixsterTests" */;
			buildPhases = (
				844762B578B4A1C4B6C74B4D /* [CP] Check Pods Manifest.lock */,
				287FD34F21FFBA9E00086616 /* Sources */,
				287FD35021FFBA9E00086616 /* Frameworks */,
				287FD35121FFBA9E00086616 /* Resources */,
			);
			buildRules = (
			);
			dependencies = (
				287FD35521FFBA9E00086616 /* PBXTargetDependency */,
			);
			name = flixsterTests;
			productName = flixsterTests;
			productReference = 287FD35321FFBA9E00086616 /* flixsterTests.xctest */;
			productType = "com.apple.product-type.bundle.unit-test";
		};
		287FD35D21FFBA9E00086616 /* flixsterUITests */ = {
			isa = PBXNativeTarget;
			buildConfigurationList = 287FD36D21FFBA9E00086616 /* Build configuration list for PBXNativeTarget "flixsterUITests" */;
			buildPhases = (
				8A778433A6A6493528BD0D3A /* [CP] Check Pods Manifest.lock */,
				287FD35A21FFBA9E00086616 /* Sources */,
				287FD35B21FFBA9E00086616 /* Frameworks */,
				287FD35C21FFBA9E00086616 /* Resources */,
			);
			buildRules = (
			);
			dependencies = (
				287FD36021FFBA9E00086616 /* PBXTargetDependency */,
			);
			name = flixsterUITests;
			productName = flixsterUITests;
			productReference = 287FD35E21FFBA9E00086616 /* flixsterUITests.xctest */;
			productType = "com.apple.product-type.bundle.ui-testing";
		};
/* End PBXNativeTarget section */

/* Begin PBXProject section */
		287FD33721FFBA9C00086616 /* Project object */ = {
			isa = PBXProject;
			attributes = {
				LastSwiftUpdateCheck = 1010;
				LastUpgradeCheck = 1010;
				ORGANIZATIONNAME = "Raymond Esteybar";
				TargetAttributes = {
					287FD33E21FFBA9C00086616 = {
						CreatedOnToolsVersion = 10.1;
					};
					287FD35221FFBA9E00086616 = {
						CreatedOnToolsVersion = 10.1;
						TestTargetID = 287FD33E21FFBA9C00086616;
					};
					287FD35D21FFBA9E00086616 = {
						CreatedOnToolsVersion = 10.1;
						TestTargetID = 287FD33E21FFBA9C00086616;
					};
				};
			};
			buildConfigurationList = 287FD33A21FFBA9C00086616 /* Build configuration list for PBXProject "flixster" */;
			compatibilityVersion = "Xcode 9.3";
			developmentRegion = en;
			hasScannedForEncodings = 0;
			knownRegions = (
				en,
				Base,
			);
			mainGroup = 287FD33621FFBA9C00086616;
			productRefGroup = 287FD34021FFBA9C00086616 /* Products */;
			projectDirPath = "";
			projectRoot = "";
			targets = (
				287FD33E21FFBA9C00086616 /* flixster */,
				287FD35221FFBA9E00086616 /* flixsterTests */,
				287FD35D21FFBA9E00086616 /* flixsterUITests */,
			);
		};
/* End PBXProject section */

/* Begin PBXResourcesBuildPhase section */
		287FD33D21FFBA9C00086616 /* Resources */ = {
			isa = PBXResourcesBuildPhase;
			buildActionMask = 2147483647;
			files = (
				287FD34D21FFBA9E00086616 /* LaunchScreen.storyboard in Resources */,
				287FD34A21FFBA9E00086616 /* Assets.xcassets in Resources */,
				287FD34821FFBA9C00086616 /* Main.storyboard in Resources */,
			);
			runOnlyForDeploymentPostprocessing = 0;
		};
		287FD35121FFBA9E00086616 /* Resources */ = {
			isa = PBXResourcesBuildPhase;
			buildActionMask = 2147483647;
			files = (
			);
			runOnlyForDeploymentPostprocessing = 0;
		};
		287FD35C21FFBA9E00086616 /* Resources */ = {
			isa = PBXResourcesBuildPhase;
			buildActionMask = 2147483647;
			files = (
			);
			runOnlyForDeploymentPostprocessing = 0;
		};
/* End PBXResourcesBuildPhase section */

/* Begin PBXShellScriptBuildPhase section */
		46B2E63FA20DBE341E31BC0C /* [CP] Check Pods Manifest.lock */ = {
			isa = PBXShellScriptBuildPhase;
			buildActionMask = 2147483647;
			files = (
			);
			inputFileListPaths = (
			);
			inputPaths = (
				"${PODS_PODFILE_DIR_PATH}/Podfile.lock",
				"${PODS_ROOT}/Manifest.lock",
			);
			name = "[CP] Check Pods Manifest.lock";
			outputFileListPaths = (
			);
			outputPaths = (
				"$(DERIVED_FILE_DIR)/Pods-flixster-checkManifestLockResult.txt",
			);
			runOnlyForDeploymentPostprocessing = 0;
			shellPath = /bin/sh;
			shellScript = "diff \"${PODS_PODFILE_DIR_PATH}/Podfile.lock\" \"${PODS_ROOT}/Manifest.lock\" > /dev/null\nif [ $? != 0 ] ; then\n    # print error to STDERR\n    echo \"error: The sandbox is not in sync with the Podfile.lock. Run 'pod install' or update your CocoaPods installation.\" >&2\n    exit 1\nfi\n# This output is used by Xcode 'outputs' to avoid re-running this script phase.\necho \"SUCCESS\" > \"${SCRIPT_OUTPUT_FILE_0}\"\n";
			showEnvVarsInLog = 0;
		};
		844762B578B4A1C4B6C74B4D /* [CP] Check Pods Manifest.lock */ = {
			isa = PBXShellScriptBuildPhase;
			buildActionMask = 2147483647;
			files = (
			);
			inputFileListPaths = (
			);
			inputPaths = (
				"${PODS_PODFILE_DIR_PATH}/Podfile.lock",
				"${PODS_ROOT}/Manifest.lock",
			);
			name = "[CP] Check Pods Manifest.lock";
			outputFileListPaths = (
			);
			outputPaths = (
				"$(DERIVED_FILE_DIR)/Pods-flixsterTests-checkManifestLockResult.txt",
			);
			runOnlyForDeploymentPostprocessing = 0;
			shellPath = /bin/sh;
			shellScript = "diff \"${PODS_PODFILE_DIR_PATH}/Podfile.lock\" \"${PODS_ROOT}/Manifest.lock\" > /dev/null\nif [ $? != 0 ] ; then\n    # print error to STDERR\n    echo \"error: The sandbox is not in sync with the Podfile.lock. Run 'pod install' or update your CocoaPods installation.\" >&2\n    exit 1\nfi\n# This output is used by Xcode 'outputs' to avoid re-running this script phase.\necho \"SUCCESS\" > \"${SCRIPT_OUTPUT_FILE_0}\"\n";
			showEnvVarsInLog = 0;
		};
		8A778433A6A6493528BD0D3A /* [CP] Check Pods Manifest.lock */ = {
			isa = PBXShellScriptBuildPhase;
			buildActionMask = 2147483647;
			files = (
			);
			inputFileListPaths = (
			);
			inputPaths = (
				"${PODS_PODFILE_DIR_PATH}/Podfile.lock",
				"${PODS_ROOT}/Manifest.lock",
			);
			name = "[CP] Check Pods Manifest.lock";
			outputFileListPaths = (
			);
			outputPaths = (
				"$(DERIVED_FILE_DIR)/Pods-flixsterUITests-checkManifestLockResult.txt",
			);
			runOnlyForDeploymentPostprocessing = 0;
			shellPath = /bin/sh;
			shellScript = "diff \"${PODS_PODFILE_DIR_PATH}/Podfile.lock\" \"${PODS_ROOT}/Manifest.lock\" > /dev/null\nif [ $? != 0 ] ; then\n    # print error to STDERR\n    echo \"error: The sandbox is not in sync with the Podfile.lock. Run 'pod install' or update your CocoaPods installation.\" >&2\n    exit 1\nfi\n# This output is used by Xcode 'outputs' to avoid re-running this script phase.\necho \"SUCCESS\" > \"${SCRIPT_OUTPUT_FILE_0}\"\n";
			showEnvVarsInLog = 0;
		};
		E51CAFFA6C2CE95B1A6C365A /* [CP] Embed Pods Frameworks */ = {
			isa = PBXShellScriptBuildPhase;
			buildActionMask = 2147483647;
			files = (
			);
			inputFileListPaths = (
			);
			inputPaths = (
				"${SRCROOT}/Pods/Target Support Files/Pods-flixster/Pods-flixster-frameworks.sh",
				"${BUILT_PRODUCTS_DIR}/Alamofire/Alamofire.framework",
				"${BUILT_PRODUCTS_DIR}/AlamofireImage/AlamofireImage.framework",
			);
			name = "[CP] Embed Pods Frameworks";
			outputFileListPaths = (
			);
			outputPaths = (
				"${TARGET_BUILD_DIR}/${FRAMEWORKS_FOLDER_PATH}/Alamofire.framework",
				"${TARGET_BUILD_DIR}/${FRAMEWORKS_FOLDER_PATH}/AlamofireImage.framework",
			);
			runOnlyForDeploymentPostprocessing = 0;
			shellPath = /bin/sh;
			shellScript = "\"${SRCROOT}/Pods/Target Support Files/Pods-flixster/Pods-flixster-frameworks.sh\"\n";
			showEnvVarsInLog = 0;
		};
/* End PBXShellScriptBuildPhase section */

/* Begin PBXSourcesBuildPhase section */
		287FD33B21FFBA9C00086616 /* Sources */ = {
			isa = PBXSourcesBuildPhase;
			buildActionMask = 2147483647;
			files = (
				287FD34521FFBA9C00086616 /* MoviesViewController.swift in Sources */,
				287FD34321FFBA9C00086616 /* AppDelegate.swift in Sources */,
				287FD3732202278000086616 /* MovieCell.swift in Sources */,
			);
			runOnlyForDeploymentPostprocessing = 0;
		};
		287FD34F21FFBA9E00086616 /* Sources */ = {
			isa = PBXSourcesBuildPhase;
			buildActionMask = 2147483647;
			files = (
				287FD35821FFBA9E00086616 /* flixsterTests.swift in Sources */,
			);
			runOnlyForDeploymentPostprocessing = 0;
		};
		287FD35A21FFBA9E00086616 /* Sources */ = {
			isa = PBXSourcesBuildPhase;
			buildActionMask = 2147483647;
			files = (
				287FD36321FFBA9E00086616 /* flixsterUITests.swift in Sources */,
			);
			runOnlyForDeploymentPostprocessing = 0;
		};
/* End PBXSourcesBuildPhase section */

/* Begin PBXTargetDependency section */
		287FD35521FFBA9E00086616 /* PBXTargetDependency */ = {
			isa = PBXTargetDependency;
			target = 287FD33E21FFBA9C00086616 /* flixster */;
			targetProxy = 287FD35421FFBA9E00086616 /* PBXContainerItemProxy */;
		};
		287FD36021FFBA9E00086616 /* PBXTargetDependency */ = {
			isa = PBXTargetDependency;
			target = 287FD33E21FFBA9C00086616 /* flixster */;
			targetProxy = 287FD35F21FFBA9E00086616 /* PBXContainerItemProxy */;
		};
/* End PBXTargetDependency section */

/* Begin PBXVariantGroup section */
		287FD34621FFBA9C00086616 /* Main.storyboard */ = {
			isa = PBXVariantGroup;
			children = (
				287FD34721FFBA9C00086616 /* Base */,
			);
			name = Main.storyboard;
			sourceTree = "<group>";
		};
		287FD34B21FFBA9E00086616 /* LaunchScreen.storyboard */ = {
			isa = PBXVariantGroup;
			children = (
				287FD34C21FFBA9E00086616 /* Base */,
			);
			name = LaunchScreen.storyboard;
			sourceTree = "<group>";
		};
/* End PBXVariantGroup section */

/* Begin XCBuildConfiguration section */
		287FD36521FFBA9E00086616 /* Debug */ = {
			isa = XCBuildConfiguration;
			buildSettings = {
				ALWAYS_SEARCH_USER_PATHS = NO;
				CLANG_ANALYZER_NONNULL = YES;
				CLANG_ANALYZER_NUMBER_OBJECT_CONVERSION = YES_AGGRESSIVE;
				CLANG_CXX_LANGUAGE_STANDARD = "gnu++14";
				CLANG_CXX_LIBRARY = "libc++";
				CLANG_ENABLE_MODULES = YES;
				CLANG_ENABLE_OBJC_ARC = YES;
				CLANG_ENABLE_OBJC_WEAK = YES;
				CLANG_WARN_BLOCK_CAPTURE_AUTORELEASING = YES;
				CLANG_WARN_BOOL_CONVERSION = YES;
				CLANG_WARN_COMMA = YES;
				CLANG_WARN_CONSTANT_CONVERSION = YES;
				CLANG_WARN_DEPRECATED_OBJC_IMPLEMENTATIONS = YES;
				CLANG_WARN_DIRECT_OBJC_ISA_USAGE = YES_ERROR;
				CLANG_WARN_DOCUMENTATION_COMMENTS = YES;
				CLANG_WARN_EMPTY_BODY = YES;
				CLANG_WARN_ENUM_CONVERSION = YES;
				CLANG_WARN_INFINITE_RECURSION = YES;
				CLANG_WARN_INT_CONVERSION = YES;
				CLANG_WARN_NON_LITERAL_NULL_CONVERSION = YES;
				CLANG_WARN_OBJC_IMPLICIT_RETAIN_SELF = YES;
				CLANG_WARN_OBJC_LITERAL_CONVERSION = YES;
				CLANG_WARN_OBJC_ROOT_CLASS = YES_ERROR;
				CLANG_WARN_RANGE_LOOP_ANALYSIS = YES;
				CLANG_WARN_STRICT_PROTOTYPES = YES;
				CLANG_WARN_SUSPICIOUS_MOVE = YES;
				CLANG_WARN_UNGUARDED_AVAILABILITY = YES_AGGRESSIVE;
				CLANG_WARN_UNREACHABLE_CODE = YES;
				CLANG_WARN__DUPLICATE_METHOD_MATCH = YES;
				CODE_SIGN_IDENTITY = "iPhone Developer";
				COPY_PHASE_STRIP = NO;
				DEBUG_INFORMATION_FORMAT = dwarf;
				ENABLE_STRICT_OBJC_MSGSEND = YES;
				ENABLE_TESTABILITY = YES;
				GCC_C_LANGUAGE_STANDARD = gnu11;
				GCC_DYNAMIC_NO_PIC = NO;
				GCC_NO_COMMON_BLOCKS = YES;
				GCC_OPTIMIZATION_LEVEL = 0;
				GCC_PREPROCESSOR_DEFINITIONS = (
					"DEBUG=1",
					"$(inherited)",
				);
				GCC_WARN_64_TO_32_BIT_CONVERSION = YES;
				GCC_WARN_ABOUT_RETURN_TYPE = YES_ERROR;
				GCC_WARN_UNDECLARED_SELECTOR = YES;
				GCC_WARN_UNINITIALIZED_AUTOS = YES_AGGRESSIVE;
				GCC_WARN_UNUSED_FUNCTION = YES;
				GCC_WARN_UNUSED_VARIABLE = YES;
				IPHONEOS_DEPLOYMENT_TARGET = 12.1;
				MTL_ENABLE_DEBUG_INFO = INCLUDE_SOURCE;
				MTL_FAST_MATH = YES;
				ONLY_ACTIVE_ARCH = YES;
				SDKROOT = iphoneos;
				SWIFT_ACTIVE_COMPILATION_CONDITIONS = DEBUG;
				SWIFT_OPTIMIZATION_LEVEL = "-Onone";
			};
			name = Debug;
		};
		287FD36621FFBA9E00086616 /* Release */ = {
			isa = XCBuildConfiguration;
			buildSettings = {
				ALWAYS_SEARCH_USER_PATHS = NO;
				CLANG_ANALYZER_NONNULL = YES;
				CLANG_ANALYZER_NUMBER_OBJECT_CONVERSION = YES_AGGRESSIVE;
				CLANG_CXX_LANGUAGE_STANDARD = "gnu++14";
				CLANG_CXX_LIBRARY = "libc++";
				CLANG_ENABLE_MODULES = YES;
				CLANG_ENABLE_OBJC_ARC = YES;
				CLANG_ENABLE_OBJC_WEAK = YES;
				CLANG_WARN_BLOCK_CAPTURE_AUTORELEASING = YES;
				CLANG_WARN_BOOL_CONVERSION = YES;
				CLANG_WARN_COMMA = YES;
				CLANG_WARN_CONSTANT_CONVERSION = YES;
				CLANG_WARN_DEPRECATED_OBJC_IMPLEMENTATIONS = YES;
				CLANG_WARN_DIRECT_OBJC_ISA_USAGE = YES_ERROR;
				CLANG_WARN_DOCUMENTATION_COMMENTS = YES;
				CLANG_WARN_EMPTY_BODY = YES;
				CLANG_WARN_ENUM_CONVERSION = YES;
				CLANG_WARN_INFINITE_RECURSION = YES;
				CLANG_WARN_INT_CONVERSION = YES;
				CLANG_WARN_NON_LITERAL_NULL_CONVERSION = YES;
				CLANG_WARN_OBJC_IMPLICIT_RETAIN_SELF = YES;
				CLANG_WARN_OBJC_LITERAL_CONVERSION = YES;
				CLANG_WARN_OBJC_ROOT_CLASS = YES_ERROR;
				CLANG_WARN_RANGE_LOOP_ANALYSIS = YES;
				CLANG_WARN_STRICT_PROTOTYPES = YES;
				CLANG_WARN_SUSPICIOUS_MOVE = YES;
				CLANG_WARN_UNGUARDED_AVAILABILITY = YES_AGGRESSIVE;
				CLANG_WARN_UNREACHABLE_CODE = YES;
				CLANG_WARN__DUPLICATE_METHOD_MATCH = YES;
				CODE_SIGN_IDENTITY = "iPhone Developer";
				COPY_PHASE_STRIP = NO;
				DEBUG_INFORMATION_FORMAT = "dwarf-with-dsym";
				ENABLE_NS_ASSERTIONS = NO;
				ENABLE_STRICT_OBJC_MSGSEND = YES;
				GCC_C_LANGUAGE_STANDARD = gnu11;
				GCC_NO_COMMON_BLOCKS = YES;
				GCC_WARN_64_TO_32_BIT_CONVERSION = YES;
				GCC_WARN_ABOUT_RETURN_TYPE = YES_ERROR;
				GCC_WARN_UNDECLARED_SELECTOR = YES;
				GCC_WARN_UNINITIALIZED_AUTOS = YES_AGGRESSIVE;
				GCC_WARN_UNUSED_FUNCTION = YES;
				GCC_WARN_UNUSED_VARIABLE = YES;
				IPHONEOS_DEPLOYMENT_TARGET = 12.1;
				MTL_ENABLE_DEBUG_INFO = NO;
				MTL_FAST_MATH = YES;
				SDKROOT = iphoneos;
				SWIFT_COMPILATION_MODE = wholemodule;
				SWIFT_OPTIMIZATION_LEVEL = "-O";
				VALIDATE_PRODUCT = YES;
			};
			name = Release;
		};
		287FD36821FFBA9E00086616 /* Debug */ = {
			isa = XCBuildConfiguration;
			baseConfigurationReference = C7B1C7F4176F4DC71B4FF59E /* Pods-flixster.debug.xcconfig */;
			buildSettings = {
				ASSETCATALOG_COMPILER_APPICON_NAME = AppIcon;
				CODE_SIGN_STYLE = Automatic;
				DEVELOPMENT_TEAM = HYUR38GUTQ;
				INFOPLIST_FILE = flixster/Info.plist;
				LD_RUNPATH_SEARCH_PATHS = (
					"$(inherited)",
					"@executable_path/Frameworks",
				);
				PRODUCT_BUNDLE_IDENTIFIER = swift.flixster;
				PRODUCT_NAME = "$(TARGET_NAME)";
				SWIFT_VERSION = 4.2;
				TARGETED_DEVICE_FAMILY = "1,2";
			};
			name = Debug;
		};
		287FD36921FFBA9E00086616 /* Release */ = {
			isa = XCBuildConfiguration;
			baseConfigurationReference = 7F99085D189DD9F7BB13A58D /* Pods-flixster.release.xcconfig */;
			buildSettings = {
				ASSETCATALOG_COMPILER_APPICON_NAME = AppIcon;
				CODE_SIGN_STYLE = Automatic;
				DEVELOPMENT_TEAM = HYUR38GUTQ;
				INFOPLIST_FILE = flixster/Info.plist;
				LD_RUNPATH_SEARCH_PATHS = (
					"$(inherited)",
					"@executable_path/Frameworks",
				);
				PRODUCT_BUNDLE_IDENTIFIER = swift.flixster;
				PRODUCT_NAME = "$(TARGET_NAME)";
				SWIFT_VERSION = 4.2;
				TARGETED_DEVICE_FAMILY = "1,2";
			};
			name = Release;
		};
		287FD36B21FFBA9E00086616 /* Debug */ = {
			isa = XCBuildConfiguration;
			baseConfigurationReference = A76090C98B6A0059E923B259 /* Pods-flixsterTests.debug.xcconfig */;
			buildSettings = {
				ALWAYS_EMBED_SWIFT_STANDARD_LIBRARIES = YES;
				BUNDLE_LOADER = "$(TEST_HOST)";
				CODE_SIGN_STYLE = Automatic;
				INFOPLIST_FILE = flixsterTests/Info.plist;
				LD_RUNPATH_SEARCH_PATHS = (
					"$(inherited)",
					"@executable_path/Frameworks",
					"@loader_path/Frameworks",
				);
				PRODUCT_BUNDLE_IDENTIFIER = swift.flixsterTests;
				PRODUCT_NAME = "$(TARGET_NAME)";
				SWIFT_VERSION = 4.2;
				TARGETED_DEVICE_FAMILY = "1,2";
				TEST_HOST = "$(BUILT_PRODUCTS_DIR)/flixster.app/flixster";
			};
			name = Debug;
		};
		287FD36C21FFBA9E00086616 /* Release */ = {
			isa = XCBuildConfiguration;
			baseConfigurationReference = 9F60411F49BE7ADA07C18E53 /* Pods-flixsterTests.release.xcconfig */;
			buildSettings = {
				ALWAYS_EMBED_SWIFT_STANDARD_LIBRARIES = YES;
				BUNDLE_LOADER = "$(TEST_HOST)";
				CODE_SIGN_STYLE = Automatic;
				INFOPLIST_FILE = flixsterTests/Info.plist;
				LD_RUNPATH_SEARCH_PATHS = (
					"$(inherited)",
					"@executable_path/Frameworks",
					"@loader_path/Frameworks",
				);
				PRODUCT_BUNDLE_IDENTIFIER = swift.flixsterTests;
				PRODUCT_NAME = "$(TARGET_NAME)";
				SWIFT_VERSION = 4.2;
				TARGETED_DEVICE_FAMILY = "1,2";
				TEST_HOST = "$(BUILT_PRODUCTS_DIR)/flixster.app/flixster";
			};
			name = Release;
		};
		287FD36E21FFBA9E00086616 /* Debug */ = {
			isa = XCBuildConfiguration;
			baseConfigurationReference = 7EB3F9144CDD46648EC286CD /* Pods-flixsterUITests.debug.xcconfig */;
			buildSettings = {
				ALWAYS_EMBED_SWIFT_STANDARD_LIBRARIES = YES;
				CODE_SIGN_STYLE = Automatic;
				INFOPLIST_FILE = flixsterUITests/Info.plist;
				LD_RUNPATH_SEARCH_PATHS = (
					"$(inherited)",
					"@executable_path/Frameworks",
					"@loader_path/Frameworks",
				);
				PRODUCT_BUNDLE_IDENTIFIER = swift.flixsterUITests;
				PRODUCT_NAME = "$(TARGET_NAME)";
				SWIFT_VERSION = 4.2;
				TARGETED_DEVICE_FAMILY = "1,2";
				TEST_TARGET_NAME = flixster;
			};
			name = Debug;
		};
		287FD36F21FFBA9E00086616 /* Release */ = {
			isa = XCBuildConfiguration;
			baseConfigurationReference = C7CD6F526CDC987E6FDAC911 /* Pods-flixsterUITests.release.xcconfig */;
			buildSettings = {
				ALWAYS_EMBED_SWIFT_STANDARD_LIBRARIES = YES;
				CODE_SIGN_STYLE = Automatic;
				INFOPLIST_FILE = flixsterUITests/Info.plist;
				LD_RUNPATH_SEARCH_PATHS = (
					"$(inherited)",
					"@executable_path/Frameworks",
					"@loader_path/Frameworks",
				);
				PRODUCT_BUNDLE_IDENTIFIER = swift.flixsterUITests;
				PRODUCT_NAME = "$(TARGET_NAME)";
				SWIFT_VERSION = 4.2;
				TARGETED_DEVICE_FAMILY = "1,2";
				TEST_TARGET_NAME = flixster;
			};
			name = Release;
		};
/* End XCBuildConfiguration section */

/* Begin XCConfigurationList section */
		287FD33A21FFBA9C00086616 /* Build configuration list for PBXProject "flixster" */ = {
			isa = XCConfigurationList;
			buildConfigurations = (
				287FD36521FFBA9E00086616 /* Debug */,
				287FD36621FFBA9E00086616 /* Release */,
			);
			defaultConfigurationIsVisible = 0;
			defaultConfigurationName = Release;
		};
		287FD36721FFBA9E00086616 /* Build configuration list for PBXNativeTarget "flixster" */ = {
			isa = XCConfigurationList;
			buildConfigurations = (
				287FD36821FFBA9E00086616 /* Debug */,
				287FD36921FFBA9E00086616 /* Release */,
			);
			defaultConfigurationIsVisible = 0;
			defaultConfigurationName = Release;
		};
		287FD36A21FFBA9E00086616 /* Build configuration list for PBXNativeTarget "flixsterTests" */ = {
			isa = XCConfigurationList;
			buildConfigurations = (
				287FD36B21FFBA9E00086616 /* Debug */,
				287FD36C21FFBA9E00086616 /* Release */,
			);
			defaultConfigurationIsVisible = 0;
			defaultConfigurationName = Release;
		};
		287FD36D21FFBA9E00086616 /* Build configuration list for PBXNativeTarget "flixsterUITests" */ = {
			isa = XCConfigurationList;
			buildConfigurations = (
				287FD36E21FFBA9E00086616 /* Debug */,
				287FD36F21FFBA9E00086616 /* Release */,
			);
			defaultConfigurationIsVisible = 0;
			defaultConfigurationName = Release;
		};
/* End XCConfigurationList section */
	};
	rootObject = 287FD33721FFBA9C00086616 /* Project object */;
}
